
Microsoft Visual Studio Solution File, Format Version 12.00
# Visual Studio Version 16
VisualStudioVersion = 16.0.31410.357
MinimumVisualStudioVersion = 10.0.40219.1
Project("{FAE04EC0-301F-11D3-BF4B-00C04F79EFBC}") = "WeatherApiApp", "WeatherApiApp\WeatherApiApp.csproj", "{3E09FB43-ED98-445D-A7D4-9713D7E714D7}"
EndProject
Global
	GlobalSection(SolutionConfigurationPlatforms) = preSolution
		Debug|Any CPU = Debug|Any CPU
		Release|Any CPU = Release|Any CPU
	EndGlobalSection
	GlobalSection(ProjectConfigurationPlatforms) = postSolution
		{3E09FB43-ED98-445D-A7D4-9713D7E714D7}.Debug|Any CPU.ActiveCfg = Debug|Any CPU
		{3E09FB43-ED98-445D-A7D4-9713D7E714D7}.Debug|Any CPU.Build.0 = Debug|Any CPU
		{3E09FB43-ED98-445D-A7D4-9713D7E714D7}.Release|Any CPU.ActiveCfg = Release|Any CPU
		{3E09FB43-ED98-445D-A7D4-9713D7E714D7}.Release|Any CPU.Build.0 = Release|Any CPU
	EndGlobalSection
	GlobalSection(SolutionProperties) = preSolution
		HideSolutionNode = FALSE
	EndGlobalSection
	GlobalSection(ExtensibilityGlobals) = postSolution
		SolutionGuid = {3733E6EE-3CB7-4FF7-9959-0EE60CB242E6}
	EndGlobalSection
EndGlobal
